
Microsoft Visual Studio Solution File, Format Version 12.00
# Visual Studio Version 16
VisualStudioVersion = 16.0.29306.81
MinimumVisualStudioVersion = 10.0.40219.1
Project("{F184B08F-C81C-45F6-A57F-5ABD9991F28F}") = "ListView", "ListView\ListView.vbproj", "{AD34B1C5-8F24-41E7-BD1F-BB3D13FD0734}"
EndProject
Global
	GlobalSection(SolutionConfigurationPlatforms) = preSolution
		Debug|Any CPU = Debug|Any CPU
		Release|Any CPU = Release|Any CPU
	EndGlobalSection
	GlobalSection(ProjectConfigurationPlatforms) = postSolution
		{AD34B1C5-8F24-41E7-BD1F-BB3D13FD0734}.Debug|Any CPU.ActiveCfg = Debug|Any CPU
		{AD34B1C5-8F24-41E7-BD1F-BB3D13FD0734}.Debug|Any CPU.Build.0 = Debug|Any CPU
		{AD34B1C5-8F24-41E7-BD1F-BB3D13FD0734}.Release|Any CPU.ActiveCfg = Release|Any CPU
		{AD34B1C5-8F24-41E7-BD1F-BB3D13FD0734}.Release|Any CPU.Build.0 = Release|Any CPU
	EndGlobalSection
	GlobalSection(SolutionProperties) = preSolution
		HideSolutionNode = FALSE
	EndGlobalSection
	GlobalSection(ExtensibilityGlobals) = postSolution
		SolutionGuid = {7BB49F9C-9781-4728-AAB9-CCC939D81A01}
	EndGlobalSection
EndGlobal
