
Microsoft Visual Studio Solution File, Format Version 12.00
# Visual Studio Version 16
VisualStudioVersion = 16.0.28922.388
MinimumVisualStudioVersion = 10.0.40219.1
Project("{F184B08F-C81C-45F6-A57F-5ABD9991F28F}") = "Zapatillas", "Zapatillas.vbproj", "{D064AFED-F842-4666-8A16-455B918B6C97}"
EndProject
Global
	GlobalSection(SolutionConfigurationPlatforms) = preSolution
		Debug|Any CPU = Debug|Any CPU
		Release|Any CPU = Release|Any CPU
	EndGlobalSection
	GlobalSection(ProjectConfigurationPlatforms) = postSolution
		{D064AFED-F842-4666-8A16-455B918B6C97}.Debug|Any CPU.ActiveCfg = Debug|Any CPU
		{D064AFED-F842-4666-8A16-455B918B6C97}.Debug|Any CPU.Build.0 = Debug|Any CPU
		{D064AFED-F842-4666-8A16-455B918B6C97}.Release|Any CPU.ActiveCfg = Release|Any CPU
		{D064AFED-F842-4666-8A16-455B918B6C97}.Release|Any CPU.Build.0 = Release|Any CPU
	EndGlobalSection
	GlobalSection(SolutionProperties) = preSolution
		HideSolutionNode = FALSE
	EndGlobalSection
	GlobalSection(ExtensibilityGlobals) = postSolution
		SolutionGuid = {D915D50A-9AAA-47DB-A537-546E359400CF}
	EndGlobalSection
EndGlobal
