
Microsoft Visual Studio Solution File, Format Version 12.00
# Visual Studio Version 16
VisualStudioVersion = 16.0.28922.388
MinimumVisualStudioVersion = 10.0.40219.1
Project("{F184B08F-C81C-45F6-A57F-5ABD9991F28F}") = "B7", "B7.vbproj", "{DEDF5DE0-F00B-47B0-91A2-DA9F910938DD}"
EndProject
Global
	GlobalSection(SolutionConfigurationPlatforms) = preSolution
		Debug|Any CPU = Debug|Any CPU
		Release|Any CPU = Release|Any CPU
	EndGlobalSection
	GlobalSection(ProjectConfigurationPlatforms) = postSolution
		{DEDF5DE0-F00B-47B0-91A2-DA9F910938DD}.Debug|Any CPU.ActiveCfg = Debug|Any CPU
		{DEDF5DE0-F00B-47B0-91A2-DA9F910938DD}.Debug|Any CPU.Build.0 = Debug|Any CPU
		{DEDF5DE0-F00B-47B0-91A2-DA9F910938DD}.Release|Any CPU.ActiveCfg = Release|Any CPU
		{DEDF5DE0-F00B-47B0-91A2-DA9F910938DD}.Release|Any CPU.Build.0 = Release|Any CPU
	EndGlobalSection
	GlobalSection(SolutionProperties) = preSolution
		HideSolutionNode = FALSE
	EndGlobalSection
	GlobalSection(ExtensibilityGlobals) = postSolution
		SolutionGuid = {6B03EBED-E915-4E97-A4DC-257F839878E2}
	EndGlobalSection
EndGlobal
