
Microsoft Visual Studio Solution File, Format Version 12.00
# Visual Studio Version 16
VisualStudioVersion = 16.0.28922.388
MinimumVisualStudioVersion = 10.0.40219.1
Project("{F184B08F-C81C-45F6-A57F-5ABD9991F28F}") = "Embalses", "Embalses.vbproj", "{70834E1A-52E8-48FF-B3A9-67806CBAC582}"
EndProject
Global
	GlobalSection(SolutionConfigurationPlatforms) = preSolution
		Debug|Any CPU = Debug|Any CPU
		Release|Any CPU = Release|Any CPU
	EndGlobalSection
	GlobalSection(ProjectConfigurationPlatforms) = postSolution
		{70834E1A-52E8-48FF-B3A9-67806CBAC582}.Debug|Any CPU.ActiveCfg = Debug|Any CPU
		{70834E1A-52E8-48FF-B3A9-67806CBAC582}.Debug|Any CPU.Build.0 = Debug|Any CPU
		{70834E1A-52E8-48FF-B3A9-67806CBAC582}.Release|Any CPU.ActiveCfg = Release|Any CPU
		{70834E1A-52E8-48FF-B3A9-67806CBAC582}.Release|Any CPU.Build.0 = Release|Any CPU
	EndGlobalSection
	GlobalSection(SolutionProperties) = preSolution
		HideSolutionNode = FALSE
	EndGlobalSection
	GlobalSection(ExtensibilityGlobals) = postSolution
		SolutionGuid = {D713C031-0626-4060-A685-7DD51904D05D}
	EndGlobalSection
EndGlobal
